
Microsoft Visual Studio Solution File, Format Version 12.00
# Visual Studio Version 17
VisualStudioVersion = 17.9.34607.119
MinimumVisualStudioVersion = 10.0.40219.1
Project("{FAE04EC0-301F-11D3-BF4B-00C04F79EFBC}") = "Internetdownloadmanager", "Internetdownloadmanager.csproj", "{0421D4E2-6773-4C65-AD84-7552CDFBA929}"
EndProject
Global
	GlobalSection(SolutionConfigurationPlatforms) = preSolution
		Debug|Any CPU = Debug|Any CPU
		Release|Any CPU = Release|Any CPU
	EndGlobalSection
	GlobalSection(ProjectConfigurationPlatforms) = postSolution
		{0421D4E2-6773-4C65-AD84-7552CDFBA929}.Debug|Any CPU.ActiveCfg = Debug|Any CPU
		{0421D4E2-6773-4C65-AD84-7552CDFBA929}.Debug|Any CPU.Build.0 = Debug|Any CPU
		{0421D4E2-6773-4C65-AD84-7552CDFBA929}.Release|Any CPU.ActiveCfg = Release|Any CPU
		{0421D4E2-6773-4C65-AD84-7552CDFBA929}.Release|Any CPU.Build.0 = Release|Any CPU
	EndGlobalSection
	GlobalSection(SolutionProperties) = preSolution
		HideSolutionNode = FALSE
	EndGlobalSection
	GlobalSection(ExtensibilityGlobals) = postSolution
		SolutionGuid = {06441945-6A0E-488C-8DF7-362F8F0A62A5}
	EndGlobalSection
EndGlobal
